
Microsoft Visual Studio Solution File, Format Version 12.00
# Visual Studio 14
VisualStudioVersion = 14.0.23107.0
MinimumVisualStudioVersion = 10.0.40219.1
Project("{FAE04EC0-301F-11D3-BF4B-00C04F79EFBC}") = "VoMP.Core", "VoMP.Core\VoMP.Core.csproj", "{F8A9003D-542D-4219-B73D-FE80D97593FA}"
EndProject
Project("{FAE04EC0-301F-11D3-BF4B-00C04F79EFBC}") = "VoMP.Core.Tests", "VoMP.Core.Tests\VoMP.Core.Tests.csproj", "{EE2B6260-737D-408C-BBD6-BFAFED555080}"
EndProject
Global
	GlobalSection(SolutionConfigurationPlatforms) = preSolution
		Debug|Any CPU = Debug|Any CPU
		Release|Any CPU = Release|Any CPU
	EndGlobalSection
	GlobalSection(ProjectConfigurationPlatforms) = postSolution
		{F8A9003D-542D-4219-B73D-FE80D97593FA}.Debug|Any CPU.ActiveCfg = Debug|Any CPU
		{F8A9003D-542D-4219-B73D-FE80D97593FA}.Debug|Any CPU.Build.0 = Debug|Any CPU
		{F8A9003D-542D-4219-B73D-FE80D97593FA}.Release|Any CPU.ActiveCfg = Release|Any CPU
		{F8A9003D-542D-4219-B73D-FE80D97593FA}.Release|Any CPU.Build.0 = Release|Any CPU
		{EE2B6260-737D-408C-BBD6-BFAFED555080}.Debug|Any CPU.ActiveCfg = Debug|Any CPU
		{EE2B6260-737D-408C-BBD6-BFAFED555080}.Debug|Any CPU.Build.0 = Debug|Any CPU
		{EE2B6260-737D-408C-BBD6-BFAFED555080}.Release|Any CPU.ActiveCfg = Release|Any CPU
		{EE2B6260-737D-408C-BBD6-BFAFED555080}.Release|Any CPU.Build.0 = Release|Any CPU
	EndGlobalSection
	GlobalSection(SolutionProperties) = preSolution
		HideSolutionNode = FALSE
	EndGlobalSection
EndGlobal
